{
  "name": "log-watcher",
  "version": "1.0.0",
  "lockfileVersion": 1,
  "requires": true,
  "dependencies": {
    "clone": {
      "version": "2.1.2",
      "resolved": "https://registry.npmjs.org/clone/-/clone-2.1.2.tgz",
      "integrity": "sha1-G39Ln1kfHo+DZwQBYANFoCiHQ18="
    },
    "node-cache": {
      "version": "5.1.2",
      "resolved": "https://registry.npmjs.org/node-cache/-/node-cache-5.1.2.tgz",
      "integrity": "sha512-t1QzWwnk4sjLWaQAS8CHgOJ+RAfmHpxFWmc36IWTiWHQfs0w5JDMBS1b1ZxQteo0vVVuWJvIUKHDkkeK7vIGCg==",
      "requires": {
        "clone": "2.x"
      }
    },
    "tail": {
      "version": "2.0.4",
      "resolved": "https://registry.npmjs.org/tail/-/tail-2.0.4.tgz",
      "integrity": "sha512-xHkZdNWIzO++g+V/rHGqVoHd2LRxz+8t8bj6FGelfb8FHBjg5yjkX7Su/8sQSBo5alIspYkRp/fU0A2SM5h+5A=="
    }
  }
}
